
Microsoft Visual Studio Solution File, Format Version 12.00
# Visual Studio Version 17
VisualStudioVersion = 17.11.35208.52
MinimumVisualStudioVersion = 10.0.40219.1
Project("{FAE04EC0-301F-11D3-BF4B-00C04F79EFBC}") = "01_MainSubjects", "01_MainSubjects\01_MainSubjects.csproj", "{0882B855-E84B-4FDE-8D92-6E3BC4098E57}"
EndProject
Project("{FAE04EC0-301F-11D3-BF4B-00C04F79EFBC}") = "02_Veriables", "02_Veriables\02_Veriables.csproj", "{23447919-7956-4D43-9F04-15DDE18BD3B3}"
EndProject
Global
	GlobalSection(SolutionConfigurationPlatforms) = preSolution
		Debug|Any CPU = Debug|Any CPU
		Release|Any CPU = Release|Any CPU
	EndGlobalSection
	GlobalSection(ProjectConfigurationPlatforms) = postSolution
		{0882B855-E84B-4FDE-8D92-6E3BC4098E57}.Debug|Any CPU.ActiveCfg = Debug|Any CPU
		{0882B855-E84B-4FDE-8D92-6E3BC4098E57}.Debug|Any CPU.Build.0 = Debug|Any CPU
		{0882B855-E84B-4FDE-8D92-6E3BC4098E57}.Release|Any CPU.ActiveCfg = Release|Any CPU
		{0882B855-E84B-4FDE-8D92-6E3BC4098E57}.Release|Any CPU.Build.0 = Release|Any CPU
		{23447919-7956-4D43-9F04-15DDE18BD3B3}.Debug|Any CPU.ActiveCfg = Debug|Any CPU
		{23447919-7956-4D43-9F04-15DDE18BD3B3}.Debug|Any CPU.Build.0 = Debug|Any CPU
		{23447919-7956-4D43-9F04-15DDE18BD3B3}.Release|Any CPU.ActiveCfg = Release|Any CPU
		{23447919-7956-4D43-9F04-15DDE18BD3B3}.Release|Any CPU.Build.0 = Release|Any CPU
	EndGlobalSection
	GlobalSection(SolutionProperties) = preSolution
		HideSolutionNode = FALSE
	EndGlobalSection
	GlobalSection(ExtensibilityGlobals) = postSolution
		SolutionGuid = {D9B14B13-1BEF-40BE-873E-BF2B49FEB921}
	EndGlobalSection
EndGlobal
